// !$*UTF8*$!
{
	archiveVersion = 1;
	classes = {
	};
	objectVersion = 50;
	objects = {

/* Begin PBXBuildFile section */
		6D81F1D026AC551E00110BBB /* AspectVGrid.swift in Sources */ = {isa = PBXBuildFile; fileRef = 6D81F1CF26AC551E00110BBB /* AspectVGrid.swift */; };
		6D81F1D226AD436C00110BBB /* Pie.swift in Sources */ = {isa = PBXBuildFile; fileRef = 6D81F1D126AD436C00110BBB /* Pie.swift */; };
		6D81F1D426AE3FCF00110BBB /* Cardify.swift in Sources */ = {isa = PBXBuildFile; fileRef = 6D81F1D326AE3FCF00110BBB /* Cardify.swift */; };
		6DA66DAB269F1B9A00D6BE0C /* MemoryGameView.swift in Sources */ = {isa = PBXBuildFile; fileRef = 6DA66DAA269F1B9A00D6BE0C /* MemoryGameView.swift */; };
		6DA66DAD269F1BE400D6BE0C /* CardView.swift in Sources */ = {isa = PBXBuildFile; fileRef = 6DA66DAC269F1BE400D6BE0C /* CardView.swift */; };
		6DA66DAF269F211F00D6BE0C /* AudioEqualizerView.swift in Sources */ = {isa = PBXBuildFile; fileRef = 6DA66DAE269F211F00D6BE0C /* AudioEqualizerView.swift */; };
		6DBEDED4269C740B009A899B /* MemoryGame.swift in Sources */ = {isa = PBXBuildFile; fileRef = 6DBEDED3269C740B009A899B /* MemoryGame.swift */; };
		6DBEDED6269C76BE009A899B /* MemoryGameViewModel.swift in Sources */ = {isa = PBXBuildFile; fileRef = 6DBEDED5269C76BE009A899B /* MemoryGameViewModel.swift */; };
		6DCAA48426A2DCB3002D46F8 /* AccordionView.swift in Sources */ = {isa = PBXBuildFile; fileRef = 6DCAA48326A2DCB3002D46F8 /* AccordionView.swift */; };
		6DFAE32626A4037600C9BFBF /* Helpers.swift in Sources */ = {isa = PBXBuildFile; fileRef = 6DFAE32526A4037600C9BFBF /* Helpers.swift */; };
		6DFFA928269AE56D00AFE949 /* MemorizeGameApp.swift in Sources */ = {isa = PBXBuildFile; fileRef = 6DFFA927269AE56D00AFE949 /* MemorizeGameApp.swift */; };
		6DFFA92A269AE56D00AFE949 /* ContentView.swift in Sources */ = {isa = PBXBuildFile; fileRef = 6DFFA929269AE56D00AFE949 /* ContentView.swift */; };
		6DFFA92C269AE57100AFE949 /* Assets.xcassets in Resources */ = {isa = PBXBuildFile; fileRef = 6DFFA92B269AE57100AFE949 /* Assets.xcassets */; };
		6DFFA92F269AE57100AFE949 /* Preview Assets.xcassets in Resources */ = {isa = PBXBuildFile; fileRef = 6DFFA92E269AE57100AFE949 /* Preview Assets.xcassets */; };
/* End PBXBuildFile section */

/* Begin PBXFileReference section */
		6D81F1CF26AC551E00110BBB /* AspectVGrid.swift */ = {isa = PBXFileReference; lastKnownFileType = sourcecode.swift; path = AspectVGrid.swift; sourceTree = "<group>"; };
		6D81F1D126AD436C00110BBB /* Pie.swift */ = {isa = PBXFileReference; lastKnownFileType = sourcecode.swift; path = Pie.swift; sourceTree = "<group>"; };
		6D81F1D326AE3FCF00110BBB /* Cardify.swift */ = {isa = PBXFileReference; lastKnownFileType = sourcecode.swift; path = Cardify.swift; sourceTree = "<group>"; };
		6DA66DAA269F1B9A00D6BE0C /* MemoryGameView.swift */ = {isa = PBXFileReference; lastKnownFileType = sourcecode.swift; path = MemoryGameView.swift; sourceTree = "<group>"; };
		6DA66DAC269F1BE400D6BE0C /* CardView.swift */ = {isa = PBXFileReference; lastKnownFileType = sourcecode.swift; path = CardView.swift; sourceTree = "<group>"; };
		6DA66DAE269F211F00D6BE0C /* AudioEqualizerView.swift */ = {isa = PBXFileReference; lastKnownFileType = sourcecode.swift; path = AudioEqualizerView.swift; sourceTree = "<group>"; };
		6DBEDED3269C740B009A899B /* MemoryGame.swift */ = {isa = PBXFileReference; lastKnownFileType = sourcecode.swift; path = MemoryGame.swift; sourceTree = "<group>"; };
		6DBEDED5269C76BE009A899B /* MemoryGameViewModel.swift */ = {isa = PBXFileReference; lastKnownFileType = sourcecode.swift; path = MemoryGameViewModel.swift; sourceTree = "<group>"; };
		6DCAA48326A2DCB3002D46F8 /* AccordionView.swift */ = {isa = PBXFileReference; lastKnownFileType = sourcecode.swift; path = AccordionView.swift; sourceTree = "<group>"; };
		6DFAE32526A4037600C9BFBF /* Helpers.swift */ = {isa = PBXFileReference; lastKnownFileType = sourcecode.swift; path = Helpers.swift; sourceTree = "<group>"; };
		6DFFA924269AE56D00AFE949 /* MemorizeGame.app */ = {isa = PBXFileReference; explicitFileType = wrapper.application; includeInIndex = 0; path = MemorizeGame.app; sourceTree = BUILT_PRODUCTS_DIR; };
		6DFFA927269AE56D00AFE949 /* MemorizeGameApp.swift */ = {isa = PBXFileReference; lastKnownFileType = sourcecode.swift; path = MemorizeGameApp.swift; sourceTree = "<group>"; };
		6DFFA929269AE56D00AFE949 /* ContentView.swift */ = {isa = PBXFileReference; lastKnownFileType = sourcecode.swift; path = ContentView.swift; sourceTree = "<group>"; };
		6DFFA92B269AE57100AFE949 /* Assets.xcassets */ = {isa = PBXFileReference; lastKnownFileType = folder.assetcatalog; path = Assets.xcassets; sourceTree = "<group>"; };
		6DFFA92E269AE57100AFE949 /* Preview Assets.xcassets */ = {isa = PBXFileReference; lastKnownFileType = folder.assetcatalog; path = "Preview Assets.xcassets"; sourceTree = "<group>"; };
		6DFFA930269AE57100AFE949 /* Info.plist */ = {isa = PBXFileReference; lastKnownFileType = text.plist.xml; path = Info.plist; sourceTree = "<group>"; };
/* End PBXFileReference section */

/* Begin PBXFrameworksBuildPhase section */
		6DFFA921269AE56D00AFE949 /* Frameworks */ = {
			isa = PBXFrameworksBuildPhase;
			buildActionMask = 2147483647;
			files = (
			);
			runOnlyForDeploymentPostprocessing = 0;
		};
/* End PBXFrameworksBuildPhase section */

/* Begin PBXGroup section */
		6DA66DA8269F1AEB00D6BE0C /* Models */ = {
			isa = PBXGroup;
			children = (
				6DBEDED3269C740B009A899B /* MemoryGame.swift */,
			);
			path = Models;
			sourceTree = "<group>";
		};
		6DCAA47C26A2B648002D46F8 /* UI */ = {
			isa = PBXGroup;
			children = (
				6DCAA47F26A2B679002D46F8 /* Components */,
				6DCAA47E26A2B66F002D46F8 /* Screens */,
			);
			path = UI;
			sourceTree = "<group>";
		};
		6DCAA47E26A2B66F002D46F8 /* Screens */ = {
			isa = PBXGroup;
			children = (
				6DCAA48126A2D04E002D46F8 /* MemoryGame */,
				6DFFA929269AE56D00AFE949 /* ContentView.swift */,
			);
			path = Screens;
			sourceTree = "<group>";
		};
		6DCAA47F26A2B679002D46F8 /* Components */ = {
			isa = PBXGroup;
			children = (
				6DCAA48226A2DC4B002D46F8 /* LoadingAnimations */,
				6DA66DAC269F1BE400D6BE0C /* CardView.swift */,
				6D81F1CF26AC551E00110BBB /* AspectVGrid.swift */,
				6D81F1D126AD436C00110BBB /* Pie.swift */,
				6D81F1D326AE3FCF00110BBB /* Cardify.swift */,
			);
			path = Components;
			sourceTree = "<group>";
		};
		6DCAA48026A2B698002D46F8 /* Utils */ = {
			isa = PBXGroup;
			children = (
				6DFAE32526A4037600C9BFBF /* Helpers.swift */,
			);
			path = Utils;
			sourceTree = "<group>";
		};
		6DCAA48126A2D04E002D46F8 /* MemoryGame */ = {
			isa = PBXGroup;
			children = (
				6DBEDED5269C76BE009A899B /* MemoryGameViewModel.swift */,
				6DA66DAA269F1B9A00D6BE0C /* MemoryGameView.swift */,
			);
			path = MemoryGame;
			sourceTree = "<group>";
		};
		6DCAA48226A2DC4B002D46F8 /* LoadingAnimations */ = {
			isa = PBXGroup;
			children = (
				6DA66DAE269F211F00D6BE0C /* AudioEqualizerView.swift */,
				6DCAA48326A2DCB3002D46F8 /* AccordionView.swift */,
			);
			path = LoadingAnimations;
			sourceTree = "<group>";
		};
		6DFFA91B269AE56D00AFE949 = {
			isa = PBXGroup;
			children = (
				6DFFA926269AE56D00AFE949 /* MemorizeGame */,
				6DFFA925269AE56D00AFE949 /* Products */,
			);
			sourceTree = "<group>";
		};
		6DFFA925269AE56D00AFE949 /* Products */ = {
			isa = PBXGroup;
			children = (
				6DFFA924269AE56D00AFE949 /* MemorizeGame.app */,
			);
			name = Products;
			sourceTree = "<group>";
		};
		6DFFA926269AE56D00AFE949 /* MemorizeGame */ = {
			isa = PBXGroup;
			children = (
				6DCAA48026A2B698002D46F8 /* Utils */,
				6DCAA47C26A2B648002D46F8 /* UI */,
				6DA66DA8269F1AEB00D6BE0C /* Models */,
				6DFFA92B269AE57100AFE949 /* Assets.xcassets */,
				6DFFA927269AE56D00AFE949 /* MemorizeGameApp.swift */,
				6DFFA930269AE57100AFE949 /* Info.plist */,
				6DFFA92D269AE57100AFE949 /* Preview Content */,
			);
			path = MemorizeGame;
			sourceTree = "<group>";
		};
		6DFFA92D269AE57100AFE949 /* Preview Content */ = {
			isa = PBXGroup;
			children = (
				6DFFA92E269AE57100AFE949 /* Preview Assets.xcassets */,
			);
			path = "Preview Content";
			sourceTree = "<group>";
		};
/* End PBXGroup section */

/* Begin PBXNativeTarget section */
		6DFFA923269AE56D00AFE949 /* MemorizeGame */ = {
			isa = PBXNativeTarget;
			buildConfigurationList = 6DFFA933269AE57100AFE949 /* Build configuration list for PBXNativeTarget "MemorizeGame" */;
			buildPhases = (
				6DFFA920269AE56D00AFE949 /* Sources */,
				6DFFA921269AE56D00AFE949 /* Frameworks */,
				6DFFA922269AE56D00AFE949 /* Resources */,
			);
			buildRules = (
			);
			dependencies = (
			);
			name = MemorizeGame;
			productName = MemorizeGame;
			productReference = 6DFFA924269AE56D00AFE949 /* MemorizeGame.app */;
			productType = "com.apple.product-type.application";
		};
/* End PBXNativeTarget section */

/* Begin PBXProject section */
		6DFFA91C269AE56D00AFE949 /* Project object */ = {
			isa = PBXProject;
			attributes = {
				LastSwiftUpdateCheck = 1250;
				LastUpgradeCheck = 1250;
				TargetAttributes = {
					6DFFA923269AE56D00AFE949 = {
						CreatedOnToolsVersion = 12.5.1;
					};
				};
			};
			buildConfigurationList = 6DFFA91F269AE56D00AFE949 /* Build configuration list for PBXProject "MemorizeGame" */;
			compatibilityVersion = "Xcode 9.3";
			developmentRegion = en;
			hasScannedForEncodings = 0;
			knownRegions = (
				en,
				Base,
			);
			mainGroup = 6DFFA91B269AE56D00AFE949;
			productRefGroup = 6DFFA925269AE56D00AFE949 /* Products */;
			projectDirPath = "";
			projectRoot = "";
			targets = (
				6DFFA923269AE56D00AFE949 /* MemorizeGame */,
			);
		};
/* End PBXProject section */

/* Begin PBXResourcesBuildPhase section */
		6DFFA922269AE56D00AFE949 /* Resources */ = {
			isa = PBXResourcesBuildPhase;
			buildActionMask = 2147483647;
			files = (
				6DFFA92F269AE57100AFE949 /* Preview Assets.xcassets in Resources */,
				6DFFA92C269AE57100AFE949 /* Assets.xcassets in Resources */,
			);
			runOnlyForDeploymentPostprocessing = 0;
		};
/* End PBXResourcesBuildPhase section */

/* Begin PBXSourcesBuildPhase section */
		6DFFA920269AE56D00AFE949 /* Sources */ = {
			isa = PBXSourcesBuildPhase;
			buildActionMask = 2147483647;
			files = (
				6DBEDED4269C740B009A899B /* MemoryGame.swift in Sources */,
				6DFFA92A269AE56D00AFE949 /* ContentView.swift in Sources */,
				6DFFA928269AE56D00AFE949 /* MemorizeGameApp.swift in Sources */,
				6DCAA48426A2DCB3002D46F8 /* AccordionView.swift in Sources */,
				6DFAE32626A4037600C9BFBF /* Helpers.swift in Sources */,
				6DA66DAB269F1B9A00D6BE0C /* MemoryGameView.swift in Sources */,
				6D81F1D426AE3FCF00110BBB /* Cardify.swift in Sources */,
				6DA66DAD269F1BE400D6BE0C /* CardView.swift in Sources */,
				6DA66DAF269F211F00D6BE0C /* AudioEqualizerView.swift in Sources */,
				6D81F1D226AD436C00110BBB /* Pie.swift in Sources */,
				6D81F1D026AC551E00110BBB /* AspectVGrid.swift in Sources */,
				6DBEDED6269C76BE009A899B /* MemoryGameViewModel.swift in Sources */,
			);
			runOnlyForDeploymentPostprocessing = 0;
		};
/* End PBXSourcesBuildPhase section */

/* Begin XCBuildConfiguration section */
		6DFFA931269AE57100AFE949 /* Debug */ = {
			isa = XCBuildConfiguration;
			buildSettings = {
				ALWAYS_SEARCH_USER_PATHS = NO;
				CLANG_ANALYZER_NONNULL = YES;
				CLANG_ANALYZER_NUMBER_OBJECT_CONVERSION = YES_AGGRESSIVE;
				CLANG_CXX_LANGUAGE_STANDARD = "gnu++14";
				CLANG_CXX_LIBRARY = "libc++";
				CLANG_ENABLE_MODULES = YES;
				CLANG_ENABLE_OBJC_ARC = YES;
				CLANG_ENABLE_OBJC_WEAK = YES;
				CLANG_WARN_BLOCK_CAPTURE_AUTORELEASING = YES;
				CLANG_WARN_BOOL_CONVERSION = YES;
				CLANG_WARN_COMMA = YES;
				CLANG_WARN_CONSTANT_CONVERSION = YES;
				CLANG_WARN_DEPRECATED_OBJC_IMPLEMENTATIONS = YES;
				CLANG_WARN_DIRECT_OBJC_ISA_USAGE = YES_ERROR;
				CLANG_WARN_DOCUMENTATION_COMMENTS = YES;
				CLANG_WARN_EMPTY_BODY = YES;
				CLANG_WARN_ENUM_CONVERSION = YES;
				CLANG_WARN_INFINITE_RECURSION = YES;
				CLANG_WARN_INT_CONVERSION = YES;
				CLANG_WARN_NON_LITERAL_NULL_CONVERSION = YES;
				CLANG_WARN_OBJC_IMPLICIT_RETAIN_SELF = YES;
				CLANG_WARN_OBJC_LITERAL_CONVERSION = YES;
				CLANG_WARN_OBJC_ROOT_CLASS = YES_ERROR;
				CLANG_WARN_QUOTED_INCLUDE_IN_FRAMEWORK_HEADER = YES;
				CLANG_WARN_RANGE_LOOP_ANALYSIS = YES;
				CLANG_WARN_STRICT_PROTOTYPES = YES;
				CLANG_WARN_SUSPICIOUS_MOVE = YES;
				CLANG_WARN_UNGUARDED_AVAILABILITY = YES_AGGRESSIVE;
				CLANG_WARN_UNREACHABLE_CODE = YES;
				CLANG_WARN__DUPLICATE_METHOD_MATCH = YES;
				CODE_SIGN_IDENTITY = "iPhone Developer";
				COPY_PHASE_STRIP = NO;
				DEBUG_INFORMATION_FORMAT = dwarf;
				ENABLE_STRICT_OBJC_MSGSEND = YES;
				ENABLE_TESTABILITY = YES;
				GCC_C_LANGUAGE_STANDARD = gnu11;
				GCC_DYNAMIC_NO_PIC = NO;
				GCC_NO_COMMON_BLOCKS = YES;
				GCC_OPTIMIZATION_LEVEL = 0;
				GCC_PREPROCESSOR_DEFINITIONS = (
					"DEBUG=1",
					"$(inherited)",
				);
				GCC_WARN_64_TO_32_BIT_CONVERSION = YES;
				GCC_WARN_ABOUT_RETURN_TYPE = YES_ERROR;
				GCC_WARN_UNDECLARED_SELECTOR = YES;
				GCC_WARN_UNINITIALIZED_AUTOS = YES_AGGRESSIVE;
				GCC_WARN_UNUSED_FUNCTION = YES;
				GCC_WARN_UNUSED_VARIABLE = YES;
				IPHONEOS_DEPLOYMENT_TARGET = 14.5;
				MTL_ENABLE_DEBUG_INFO = INCLUDE_SOURCE;
				MTL_FAST_MATH = YES;
				ONLY_ACTIVE_ARCH = YES;
				SDKROOT = iphoneos;
				SWIFT_ACTIVE_COMPILATION_CONDITIONS = DEBUG;
				SWIFT_OPTIMIZATION_LEVEL = "-Onone";
			};
			name = Debug;
		};
		6DFFA932269AE57100AFE949 /* Release */ = {
			isa = XCBuildConfiguration;
			buildSettings = {
				ALWAYS_SEARCH_USER_PATHS = NO;
				CLANG_ANALYZER_NONNULL = YES;
				CLANG_ANALYZER_NUMBER_OBJECT_CONVERSION = YES_AGGRESSIVE;
				CLANG_CXX_LANGUAGE_STANDARD = "gnu++14";
				CLANG_CXX_LIBRARY = "libc++";
				CLANG_ENABLE_MODULES = YES;
				CLANG_ENABLE_OBJC_ARC = YES;
				CLANG_ENABLE_OBJC_WEAK = YES;
				CLANG_WARN_BLOCK_CAPTURE_AUTORELEASING = YES;
				CLANG_WARN_BOOL_CONVERSION = YES;
				CLANG_WARN_COMMA = YES;
				CLANG_WARN_CONSTANT_CONVERSION = YES;
				CLANG_WARN_DEPRECATED_OBJC_IMPLEMENTATIONS = YES;
				CLANG_WARN_DIRECT_OBJC_ISA_USAGE = YES_ERROR;
				CLANG_WARN_DOCUMENTATION_COMMENTS = YES;
				CLANG_WARN_EMPTY_BODY = YES;
				CLANG_WARN_ENUM_CONVERSION = YES;
				CLANG_WARN_INFINITE_RECURSION = YES;
				CLANG_WARN_INT_CONVERSION = YES;
				CLANG_WARN_NON_LITERAL_NULL_CONVERSION = YES;
				CLANG_WARN_OBJC_IMPLICIT_RETAIN_SELF = YES;
				CLANG_WARN_OBJC_LITERAL_CONVERSION = YES;
				CLANG_WARN_OBJC_ROOT_CLASS = YES_ERROR;
				CLANG_WARN_QUOTED_INCLUDE_IN_FRAMEWORK_HEADER = YES;
				CLANG_WARN_RANGE_LOOP_ANALYSIS = YES;
				CLANG_WARN_STRICT_PROTOTYPES = YES;
				CLANG_WARN_SUSPICIOUS_MOVE = YES;
				CLANG_WARN_UNGUARDED_AVAILABILITY = YES_AGGRESSIVE;
				CLANG_WARN_UNREACHABLE_CODE = YES;
				CLANG_WARN__DUPLICATE_METHOD_MATCH = YES;
				CODE_SIGN_IDENTITY = "iPhone Developer";
				COPY_PHASE_STRIP = NO;
				DEBUG_INFORMATION_FORMAT = "dwarf-with-dsym";
				ENABLE_NS_ASSERTIONS = NO;
				ENABLE_STRICT_OBJC_MSGSEND = YES;
				GCC_C_LANGUAGE_STANDARD = gnu11;
				GCC_NO_COMMON_BLOCKS = YES;
				GCC_WARN_64_TO_32_BIT_CONVERSION = YES;
				GCC_WARN_ABOUT_RETURN_TYPE = YES_ERROR;
				GCC_WARN_UNDECLARED_SELECTOR = YES;
				GCC_WARN_UNINITIALIZED_AUTOS = YES_AGGRESSIVE;
				GCC_WARN_UNUSED_FUNCTION = YES;
				GCC_WARN_UNUSED_VARIABLE = YES;
				IPHONEOS_DEPLOYMENT_TARGET = 14.5;
				MTL_ENABLE_DEBUG_INFO = NO;
				MTL_FAST_MATH = YES;
				SDKROOT = iphoneos;
				SWIFT_COMPILATION_MODE = wholemodule;
				SWIFT_OPTIMIZATION_LEVEL = "-O";
				VALIDATE_PRODUCT = YES;
			};
			name = Release;
		};
		6DFFA934269AE57100AFE949 /* Debug */ = {
			isa = XCBuildConfiguration;
			buildSettings = {
				ASSETCATALOG_COMPILER_APPICON_NAME = AppIcon;
				ASSETCATALOG_COMPILER_GLOBAL_ACCENT_COLOR_NAME = AccentColor;
				CODE_SIGN_STYLE = Automatic;
				DEVELOPMENT_ASSET_PATHS = "\"MemorizeGame/Preview Content\"";
				DEVELOPMENT_TEAM = MX262LDP4L;
				ENABLE_PREVIEWS = YES;
				INFOPLIST_FILE = MemorizeGame/Info.plist;
				IPHONEOS_DEPLOYMENT_TARGET = 14.0;
				LD_RUNPATH_SEARCH_PATHS = (
					"$(inherited)",
					"@executable_path/Frameworks",
				);
				PRODUCT_BUNDLE_IDENTIFIER = com.github.hello2mao.MemorizeGame;
				PRODUCT_NAME = "$(TARGET_NAME)";
				SWIFT_VERSION = 5.0;
				TARGETED_DEVICE_FAMILY = "1,2";
			};
			name = Debug;
		};
		6DFFA935269AE57100AFE949 /* Release */ = {
			isa = XCBuildConfiguration;
			buildSettings = {
				ASSETCATALOG_COMPILER_APPICON_NAME = AppIcon;
				ASSETCATALOG_COMPILER_GLOBAL_ACCENT_COLOR_NAME = AccentColor;
				CODE_SIGN_STYLE = Automatic;
				DEVELOPMENT_ASSET_PATHS = "\"MemorizeGame/Preview Content\"";
				DEVELOPMENT_TEAM = MX262LDP4L;
				ENABLE_PREVIEWS = YES;
				INFOPLIST_FILE = MemorizeGame/Info.plist;
				IPHONEOS_DEPLOYMENT_TARGET = 14.0;
				LD_RUNPATH_SEARCH_PATHS = (
					"$(inherited)",
					"@executable_path/Frameworks",
				);
				PRODUCT_BUNDLE_IDENTIFIER = com.github.hello2mao.MemorizeGame;
				PRODUCT_NAME = "$(TARGET_NAME)";
				SWIFT_VERSION = 5.0;
				TARGETED_DEVICE_FAMILY = "1,2";
			};
			name = Release;
		};
/* End XCBuildConfiguration section */

/* Begin XCConfigurationList section */
		6DFFA91F269AE56D00AFE949 /* Build configuration list for PBXProject "MemorizeGame" */ = {
			isa = XCConfigurationList;
			buildConfigurations = (
				6DFFA931269AE57100AFE949 /* Debug */,
				6DFFA932269AE57100AFE949 /* Release */,
			);
			defaultConfigurationIsVisible = 0;
			defaultConfigurationName = Release;
		};
		6DFFA933269AE57100AFE949 /* Build configuration list for PBXNativeTarget "MemorizeGame" */ = {
			isa = XCConfigurationList;
			buildConfigurations = (
				6DFFA934269AE57100AFE949 /* Debug */,
				6DFFA935269AE57100AFE949 /* Release */,
			);
			defaultConfigurationIsVisible = 0;
			defaultConfigurationName = Release;
		};
/* End XCConfigurationList section */
	};
	rootObject = 6DFFA91C269AE56D00AFE949 /* Project object */;
}
